# This file is automatically @generated by Cargo.
# It is not intended for manual editing.
version = 3

[[package]]
name = "telegram-bot-rs"
version = "1.0.0"
dependencies = [
 "anyhow",
 "chrono",
 "dotenv",
 "env_logger",
 "futures",
 "log",
 "serde",
 "serde_json",
 "sqlx",
 "teloxide",
 "thiserror",
 "tokio",
]

[[package]]
name = "anyhow"
version = "1.0"
source = "registry+https://github.com/rust-lang/crates.io-index"

[[package]]
name = "chrono"
version = "0.4"
source = "registry+https://github.com/rust-lang/crates.io-index"
features = ["serde"]

[[package]]
name = "dotenv"
version = "0.15"
source = "registry+https://github.com/rust-lang/crates.io-index"

[[package]]
name = "env_logger"
version = "0.11"
source = "registry+https://github.com/rust-lang/crates.io-index"

[[package]]
name = "futures"
version = "0.3"
source = "registry+https://github.com/rust-lang/crates.io-index"

[[package]]
name = "log"
version = "0.4"
source = "registry+https://github.com/rust-lang/crates.io-index"

[[package]]
name = "serde"
version = "1.0"
source = "registry+https://github.com/rust-lang/crates.io-index"
features = ["derive"]

[[package]]
name = "serde_json"
version = "1.0"
source = "registry+https://github.com/rust-lang/crates.io-index"

[[package]]
name = "sqlx"
version = "0.8"
source = "registry+https://github.com/rust-lang/crates.io-index"
features = ["runtime-tokio-rustls", "sqlite"]

[[package]]
name = "teloxide"
version = "0.27"
source = "registry+https://github.com/rust-lang/crates.io-index"
features = ["macros", "ctree-menu"]

[[package]]
name = "thiserror"
version = "1.0"
source = "registry+https://github.com/rust-lang/crates.io-index"

[[package]]
name = "tokio"
version = "1.40"
source = "registry+https://github.com/rust-lang/crates.io-index"
features = ["full"]
